version: 2.0
shards:
  amber_router:
    git: https://github.com/amberframework/amber-router.git
    version: 0.4.4

  athena:
    git: https://github.com/athena-framework/athena.git
    version: 0.12.0

  athena-config:
    git: https://github.com/athena-framework/config.git
    version: 0.1.3

  athena-dependency_injection:
    git: https://github.com/athena-framework/dependency-injection.git
    version: 0.2.3

  athena-event_dispatcher:
    git: https://github.com/athena-framework/event-dispatcher.git
    version: 0.1.3

  athena-serializer:
    git: https://github.com/athena-framework/serializer.git
    version: 0.2.3

  athena-validator:
    git: https://github.com/athena-framework/validator.git
    version: 0.1.4

  awscr-s3:
    git: https://github.com/repomaa/awscr-s3.git
    version: 0.8.1+git.commit.68918980d9db52933422e3f2511a324874d36460

  awscr-signer:
    git: https://github.com/repomaa/awscr-signer.git
    version: 0.8.1+git.commit.b07282163057f919a8271d92113d4ee323e46c59

  pixie:
    git: https://github.com/watzon/pixie.git
    version: 0.1.0+git.commit.0285395f6bbc71f70c0befc1ffb9560595125c16

  pool:
    git: https://github.com/j8r/pool.cr.git
    version: 0.1.0

